github.com/golang-jwt/jwt/v5 v5.2.2 h1:Rl4B7itRWVtYIHFrSNd7vhTiz9UpLdi6gZhZ3wEeDy8=
github.com/golang-jwt/jwt/v5 v5.2.2/go.mod h1:pqrtFR0X4osieyHYxtmOUWsAWrfe1Q5UVIyoH402zdk=
github.com/siuyin/dflt v0.0.0-20230329062002-0475f4d54412 h1:wa75y3NwGEDSzxJ0dPdIadS0hCA4Jbq0m1RZoksrHR8=
github.com/siuyin/dflt v0.0.0-20230329062002-0475f4d54412/go.mod h1:+WsKak36sIJb+W3/mAlKWpfpWdo2y7tv3/zxu6YE9O4=
